// !$*UTF8*$!
{
	archiveVersion = 1;
	classes = {
	};
	objectVersion = 50;
	objects = {

/* Begin PBXBuildFile section */
		115B127526D4637400461AF0 /* Connections_in_MVVM__learning_project_App.swift in Sources */ = {isa = PBXBuildFile; fileRef = 115B127426D4637400461AF0 /* Connections_in_MVVM__learning_project_App.swift */; };
		115B127726D4637400461AF0 /* ContentView.swift in Sources */ = {isa = PBXBuildFile; fileRef = 115B127626D4637400461AF0 /* ContentView.swift */; };
		115B127926D4637700461AF0 /* Assets.xcassets in Resources */ = {isa = PBXBuildFile; fileRef = 115B127826D4637700461AF0 /* Assets.xcassets */; };
		115B127C26D4637700461AF0 /* Preview Assets.xcassets in Resources */ = {isa = PBXBuildFile; fileRef = 115B127B26D4637700461AF0 /* Preview Assets.xcassets */; };
		115B128626D46DB900461AF0 /* ActionButton.swift in Sources */ = {isa = PBXBuildFile; fileRef = 115B128526D46DB900461AF0 /* ActionButton.swift */; };
		115B128826D4719600461AF0 /* FirstScreen.swift in Sources */ = {isa = PBXBuildFile; fileRef = 115B128726D4719600461AF0 /* FirstScreen.swift */; };
		115B128A26D471AF00461AF0 /* SecondScreen.swift in Sources */ = {isa = PBXBuildFile; fileRef = 115B128926D471AF00461AF0 /* SecondScreen.swift */; };
		115B128E26D47C2A00461AF0 /* MainScreenViewModel.swift in Sources */ = {isa = PBXBuildFile; fileRef = 115B128D26D47C2A00461AF0 /* MainScreenViewModel.swift */; };
		115B129026D485F200461AF0 /* MainScreen.swift in Sources */ = {isa = PBXBuildFile; fileRef = 115B128F26D485F200461AF0 /* MainScreen.swift */; };
/* End PBXBuildFile section */

/* Begin PBXFileReference section */
		115B127126D4637400461AF0 /* Connections in MVVM (learning project).app */ = {isa = PBXFileReference; explicitFileType = wrapper.application; includeInIndex = 0; path = "Connections in MVVM (learning project).app"; sourceTree = BUILT_PRODUCTS_DIR; };
		115B127426D4637400461AF0 /* Connections_in_MVVM__learning_project_App.swift */ = {isa = PBXFileReference; lastKnownFileType = sourcecode.swift; path = Connections_in_MVVM__learning_project_App.swift; sourceTree = "<group>"; };
		115B127626D4637400461AF0 /* ContentView.swift */ = {isa = PBXFileReference; lastKnownFileType = sourcecode.swift; path = ContentView.swift; sourceTree = "<group>"; };
		115B127826D4637700461AF0 /* Assets.xcassets */ = {isa = PBXFileReference; lastKnownFileType = folder.assetcatalog; path = Assets.xcassets; sourceTree = "<group>"; };
		115B127B26D4637700461AF0 /* Preview Assets.xcassets */ = {isa = PBXFileReference; lastKnownFileType = folder.assetcatalog; path = "Preview Assets.xcassets"; sourceTree = "<group>"; };
		115B127D26D4637700461AF0 /* Info.plist */ = {isa = PBXFileReference; lastKnownFileType = text.plist.xml; path = Info.plist; sourceTree = "<group>"; };
		115B128526D46DB900461AF0 /* ActionButton.swift */ = {isa = PBXFileReference; lastKnownFileType = sourcecode.swift; path = ActionButton.swift; sourceTree = "<group>"; };
		115B128726D4719600461AF0 /* FirstScreen.swift */ = {isa = PBXFileReference; lastKnownFileType = sourcecode.swift; path = FirstScreen.swift; sourceTree = "<group>"; };
		115B128926D471AF00461AF0 /* SecondScreen.swift */ = {isa = PBXFileReference; lastKnownFileType = sourcecode.swift; path = SecondScreen.swift; sourceTree = "<group>"; };
		115B128D26D47C2A00461AF0 /* MainScreenViewModel.swift */ = {isa = PBXFileReference; lastKnownFileType = sourcecode.swift; path = MainScreenViewModel.swift; sourceTree = "<group>"; };
		115B128F26D485F200461AF0 /* MainScreen.swift */ = {isa = PBXFileReference; lastKnownFileType = sourcecode.swift; path = MainScreen.swift; sourceTree = "<group>"; };
/* End PBXFileReference section */

/* Begin PBXFrameworksBuildPhase section */
		115B126E26D4637400461AF0 /* Frameworks */ = {
			isa = PBXFrameworksBuildPhase;
			buildActionMask = 2147483647;
			files = (
			);
			runOnlyForDeploymentPostprocessing = 0;
		};
/* End PBXFrameworksBuildPhase section */

/* Begin PBXGroup section */
		115B126826D4637400461AF0 = {
			isa = PBXGroup;
			children = (
				115B127326D4637400461AF0 /* Connections in MVVM (learning project) */,
				115B127226D4637400461AF0 /* Products */,
			);
			sourceTree = "<group>";
		};
		115B127226D4637400461AF0 /* Products */ = {
			isa = PBXGroup;
			children = (
				115B127126D4637400461AF0 /* Connections in MVVM (learning project).app */,
			);
			name = Products;
			sourceTree = "<group>";
		};
		115B127326D4637400461AF0 /* Connections in MVVM (learning project) */ = {
			isa = PBXGroup;
			children = (
				115B127426D4637400461AF0 /* Connections_in_MVVM__learning_project_App.swift */,
				115B127626D4637400461AF0 /* ContentView.swift */,
				115B128D26D47C2A00461AF0 /* MainScreenViewModel.swift */,
				115B128F26D485F200461AF0 /* MainScreen.swift */,
				115B128B26D471D000461AF0 /* View */,
				115B128C26D471DE00461AF0 /* Component */,
				115B127826D4637700461AF0 /* Assets.xcassets */,
				115B127D26D4637700461AF0 /* Info.plist */,
				115B127A26D4637700461AF0 /* Preview Content */,
			);
			path = "Connections in MVVM (learning project)";
			sourceTree = "<group>";
		};
		115B127A26D4637700461AF0 /* Preview Content */ = {
			isa = PBXGroup;
			children = (
				115B127B26D4637700461AF0 /* Preview Assets.xcassets */,
			);
			path = "Preview Content";
			sourceTree = "<group>";
		};
		115B128B26D471D000461AF0 /* View */ = {
			isa = PBXGroup;
			children = (
				115B128726D4719600461AF0 /* FirstScreen.swift */,
				115B128926D471AF00461AF0 /* SecondScreen.swift */,
			);
			path = View;
			sourceTree = "<group>";
		};
		115B128C26D471DE00461AF0 /* Component */ = {
			isa = PBXGroup;
			children = (
				115B128526D46DB900461AF0 /* ActionButton.swift */,
			);
			path = Component;
			sourceTree = "<group>";
		};
/* End PBXGroup section */

/* Begin PBXNativeTarget section */
		115B127026D4637400461AF0 /* Connections in MVVM (learning project) */ = {
			isa = PBXNativeTarget;
			buildConfigurationList = 115B128026D4637700461AF0 /* Build configuration list for PBXNativeTarget "Connections in MVVM (learning project)" */;
			buildPhases = (
				115B126D26D4637400461AF0 /* Sources */,
				115B126E26D4637400461AF0 /* Frameworks */,
				115B126F26D4637400461AF0 /* Resources */,
			);
			buildRules = (
			);
			dependencies = (
			);
			name = "Connections in MVVM (learning project)";
			productName = "Connections in MVVM (learning project)";
			productReference = 115B127126D4637400461AF0 /* Connections in MVVM (learning project).app */;
			productType = "com.apple.product-type.application";
		};
/* End PBXNativeTarget section */

/* Begin PBXProject section */
		115B126926D4637400461AF0 /* Project object */ = {
			isa = PBXProject;
			attributes = {
				LastSwiftUpdateCheck = 1250;
				LastUpgradeCheck = 1250;
				TargetAttributes = {
					115B127026D4637400461AF0 = {
						CreatedOnToolsVersion = 12.5.1;
					};
				};
			};
			buildConfigurationList = 115B126C26D4637400461AF0 /* Build configuration list for PBXProject "Connections in MVVM (learning project)" */;
			compatibilityVersion = "Xcode 9.3";
			developmentRegion = en;
			hasScannedForEncodings = 0;
			knownRegions = (
				en,
				Base,
			);
			mainGroup = 115B126826D4637400461AF0;
			productRefGroup = 115B127226D4637400461AF0 /* Products */;
			projectDirPath = "";
			projectRoot = "";
			targets = (
				115B127026D4637400461AF0 /* Connections in MVVM (learning project) */,
			);
		};
/* End PBXProject section */

/* Begin PBXResourcesBuildPhase section */
		115B126F26D4637400461AF0 /* Resources */ = {
			isa = PBXResourcesBuildPhase;
			buildActionMask = 2147483647;
			files = (
				115B127C26D4637700461AF0 /* Preview Assets.xcassets in Resources */,
				115B127926D4637700461AF0 /* Assets.xcassets in Resources */,
			);
			runOnlyForDeploymentPostprocessing = 0;
		};
/* End PBXResourcesBuildPhase section */

/* Begin PBXSourcesBuildPhase section */
		115B126D26D4637400461AF0 /* Sources */ = {
			isa = PBXSourcesBuildPhase;
			buildActionMask = 2147483647;
			files = (
				115B128E26D47C2A00461AF0 /* MainScreenViewModel.swift in Sources */,
				115B129026D485F200461AF0 /* MainScreen.swift in Sources */,
				115B127726D4637400461AF0 /* ContentView.swift in Sources */,
				115B127526D4637400461AF0 /* Connections_in_MVVM__learning_project_App.swift in Sources */,
				115B128626D46DB900461AF0 /* ActionButton.swift in Sources */,
				115B128826D4719600461AF0 /* FirstScreen.swift in Sources */,
				115B128A26D471AF00461AF0 /* SecondScreen.swift in Sources */,
			);
			runOnlyForDeploymentPostprocessing = 0;
		};
/* End PBXSourcesBuildPhase section */

/* Begin XCBuildConfiguration section */
		115B127E26D4637700461AF0 /* Debug */ = {
			isa = XCBuildConfiguration;
			buildSettings = {
				ALWAYS_SEARCH_USER_PATHS = NO;
				CLANG_ANALYZER_NONNULL = YES;
				CLANG_ANALYZER_NUMBER_OBJECT_CONVERSION = YES_AGGRESSIVE;
				CLANG_CXX_LANGUAGE_STANDARD = "gnu++14";
				CLANG_CXX_LIBRARY = "libc++";
				CLANG_ENABLE_MODULES = YES;
				CLANG_ENABLE_OBJC_ARC = YES;
				CLANG_ENABLE_OBJC_WEAK = YES;
				CLANG_WARN_BLOCK_CAPTURE_AUTORELEASING = YES;
				CLANG_WARN_BOOL_CONVERSION = YES;
				CLANG_WARN_COMMA = YES;
				CLANG_WARN_CONSTANT_CONVERSION = YES;
				CLANG_WARN_DEPRECATED_OBJC_IMPLEMENTATIONS = YES;
				CLANG_WARN_DIRECT_OBJC_ISA_USAGE = YES_ERROR;
				CLANG_WARN_DOCUMENTATION_COMMENTS = YES;
				CLANG_WARN_EMPTY_BODY = YES;
				CLANG_WARN_ENUM_CONVERSION = YES;
				CLANG_WARN_INFINITE_RECURSION = YES;
				CLANG_WARN_INT_CONVERSION = YES;
				CLANG_WARN_NON_LITERAL_NULL_CONVERSION = YES;
				CLANG_WARN_OBJC_IMPLICIT_RETAIN_SELF = YES;
				CLANG_WARN_OBJC_LITERAL_CONVERSION = YES;
				CLANG_WARN_OBJC_ROOT_CLASS = YES_ERROR;
				CLANG_WARN_QUOTED_INCLUDE_IN_FRAMEWORK_HEADER = YES;
				CLANG_WARN_RANGE_LOOP_ANALYSIS = YES;
				CLANG_WARN_STRICT_PROTOTYPES = YES;
				CLANG_WARN_SUSPICIOUS_MOVE = YES;
				CLANG_WARN_UNGUARDED_AVAILABILITY = YES_AGGRESSIVE;
				CLANG_WARN_UNREACHABLE_CODE = YES;
				CLANG_WARN__DUPLICATE_METHOD_MATCH = YES;
				COPY_PHASE_STRIP = NO;
				DEBUG_INFORMATION_FORMAT = dwarf;
				ENABLE_STRICT_OBJC_MSGSEND = YES;
				ENABLE_TESTABILITY = YES;
				GCC_C_LANGUAGE_STANDARD = gnu11;
				GCC_DYNAMIC_NO_PIC = NO;
				GCC_NO_COMMON_BLOCKS = YES;
				GCC_OPTIMIZATION_LEVEL = 0;
				GCC_PREPROCESSOR_DEFINITIONS = (
					"DEBUG=1",
					"$(inherited)",
				);
				GCC_WARN_64_TO_32_BIT_CONVERSION = YES;
				GCC_WARN_ABOUT_RETURN_TYPE = YES_ERROR;
				GCC_WARN_UNDECLARED_SELECTOR = YES;
				GCC_WARN_UNINITIALIZED_AUTOS = YES_AGGRESSIVE;
				GCC_WARN_UNUSED_FUNCTION = YES;
				GCC_WARN_UNUSED_VARIABLE = YES;
				IPHONEOS_DEPLOYMENT_TARGET = 14.5;
				MTL_ENABLE_DEBUG_INFO = INCLUDE_SOURCE;
				MTL_FAST_MATH = YES;
				ONLY_ACTIVE_ARCH = YES;
				SDKROOT = iphoneos;
				SWIFT_ACTIVE_COMPILATION_CONDITIONS = DEBUG;
				SWIFT_OPTIMIZATION_LEVEL = "-Onone";
			};
			name = Debug;
		};
		115B127F26D4637700461AF0 /* Release */ = {
			isa = XCBuildConfiguration;
			buildSettings = {
				ALWAYS_SEARCH_USER_PATHS = NO;
				CLANG_ANALYZER_NONNULL = YES;
				CLANG_ANALYZER_NUMBER_OBJECT_CONVERSION = YES_AGGRESSIVE;
				CLANG_CXX_LANGUAGE_STANDARD = "gnu++14";
				CLANG_CXX_LIBRARY = "libc++";
				CLANG_ENABLE_MODULES = YES;
				CLANG_ENABLE_OBJC_ARC = YES;
				CLANG_ENABLE_OBJC_WEAK = YES;
				CLANG_WARN_BLOCK_CAPTURE_AUTORELEASING = YES;
				CLANG_WARN_BOOL_CONVERSION = YES;
				CLANG_WARN_COMMA = YES;
				CLANG_WARN_CONSTANT_CONVERSION = YES;
				CLANG_WARN_DEPRECATED_OBJC_IMPLEMENTATIONS = YES;
				CLANG_WARN_DIRECT_OBJC_ISA_USAGE = YES_ERROR;
				CLANG_WARN_DOCUMENTATION_COMMENTS = YES;
				CLANG_WARN_EMPTY_BODY = YES;
				CLANG_WARN_ENUM_CONVERSION = YES;
				CLANG_WARN_INFINITE_RECURSION = YES;
				CLANG_WARN_INT_CONVERSION = YES;
				CLANG_WARN_NON_LITERAL_NULL_CONVERSION = YES;
				CLANG_WARN_OBJC_IMPLICIT_RETAIN_SELF = YES;
				CLANG_WARN_OBJC_LITERAL_CONVERSION = YES;
				CLANG_WARN_OBJC_ROOT_CLASS = YES_ERROR;
				CLANG_WARN_QUOTED_INCLUDE_IN_FRAMEWORK_HEADER = YES;
				CLANG_WARN_RANGE_LOOP_ANALYSIS = YES;
				CLANG_WARN_STRICT_PROTOTYPES = YES;
				CLANG_WARN_SUSPICIOUS_MOVE = YES;
				CLANG_WARN_UNGUARDED_AVAILABILITY = YES_AGGRESSIVE;
				CLANG_WARN_UNREACHABLE_CODE = YES;
				CLANG_WARN__DUPLICATE_METHOD_MATCH = YES;
				COPY_PHASE_STRIP = NO;
				DEBUG_INFORMATION_FORMAT = "dwarf-with-dsym";
				ENABLE_NS_ASSERTIONS = NO;
				ENABLE_STRICT_OBJC_MSGSEND = YES;
				GCC_C_LANGUAGE_STANDARD = gnu11;
				GCC_NO_COMMON_BLOCKS = YES;
				GCC_WARN_64_TO_32_BIT_CONVERSION = YES;
				GCC_WARN_ABOUT_RETURN_TYPE = YES_ERROR;
				GCC_WARN_UNDECLARED_SELECTOR = YES;
				GCC_WARN_UNINITIALIZED_AUTOS = YES_AGGRESSIVE;
				GCC_WARN_UNUSED_FUNCTION = YES;
				GCC_WARN_UNUSED_VARIABLE = YES;
				IPHONEOS_DEPLOYMENT_TARGET = 14.5;
				MTL_ENABLE_DEBUG_INFO = NO;
				MTL_FAST_MATH = YES;
				SDKROOT = iphoneos;
				SWIFT_COMPILATION_MODE = wholemodule;
				SWIFT_OPTIMIZATION_LEVEL = "-O";
				VALIDATE_PRODUCT = YES;
			};
			name = Release;
		};
		115B128126D4637700461AF0 /* Debug */ = {
			isa = XCBuildConfiguration;
			buildSettings = {
				ASSETCATALOG_COMPILER_APPICON_NAME = AppIcon;
				ASSETCATALOG_COMPILER_GLOBAL_ACCENT_COLOR_NAME = AccentColor;
				CODE_SIGN_STYLE = Automatic;
				DEVELOPMENT_ASSET_PATHS = "\"Connections in MVVM (learning project)/Preview Content\"";
				DEVELOPMENT_TEAM = 3JF86XZDGA;
				ENABLE_PREVIEWS = YES;
				INFOPLIST_FILE = "Connections in MVVM (learning project)/Info.plist";
				IPHONEOS_DEPLOYMENT_TARGET = 14.0;
				LD_RUNPATH_SEARCH_PATHS = (
					"$(inherited)",
					"@executable_path/Frameworks",
				);
				PRODUCT_BUNDLE_IDENTIFIER = "AlexDev.Connections-in-MVVM--learning-project-";
				PRODUCT_NAME = "$(TARGET_NAME)";
				SWIFT_VERSION = 5.0;
				TARGETED_DEVICE_FAMILY = "1,2";
			};
			name = Debug;
		};
		115B128226D4637700461AF0 /* Release */ = {
			isa = XCBuildConfiguration;
			buildSettings = {
				ASSETCATALOG_COMPILER_APPICON_NAME = AppIcon;
				ASSETCATALOG_COMPILER_GLOBAL_ACCENT_COLOR_NAME = AccentColor;
				CODE_SIGN_STYLE = Automatic;
				DEVELOPMENT_ASSET_PATHS = "\"Connections in MVVM (learning project)/Preview Content\"";
				DEVELOPMENT_TEAM = 3JF86XZDGA;
				ENABLE_PREVIEWS = YES;
				INFOPLIST_FILE = "Connections in MVVM (learning project)/Info.plist";
				IPHONEOS_DEPLOYMENT_TARGET = 14.0;
				LD_RUNPATH_SEARCH_PATHS = (
					"$(inherited)",
					"@executable_path/Frameworks",
				);
				PRODUCT_BUNDLE_IDENTIFIER = "AlexDev.Connections-in-MVVM--learning-project-";
				PRODUCT_NAME = "$(TARGET_NAME)";
				SWIFT_VERSION = 5.0;
				TARGETED_DEVICE_FAMILY = "1,2";
			};
			name = Release;
		};
/* End XCBuildConfiguration section */

/* Begin XCConfigurationList section */
		115B126C26D4637400461AF0 /* Build configuration list for PBXProject "Connections in MVVM (learning project)" */ = {
			isa = XCConfigurationList;
			buildConfigurations = (
				115B127E26D4637700461AF0 /* Debug */,
				115B127F26D4637700461AF0 /* Release */,
			);
			defaultConfigurationIsVisible = 0;
			defaultConfigurationName = Release;
		};
		115B128026D4637700461AF0 /* Build configuration list for PBXNativeTarget "Connections in MVVM (learning project)" */ = {
			isa = XCConfigurationList;
			buildConfigurations = (
				115B128126D4637700461AF0 /* Debug */,
				115B128226D4637700461AF0 /* Release */,
			);
			defaultConfigurationIsVisible = 0;
			defaultConfigurationName = Release;
		};
/* End XCConfigurationList section */
	};
	rootObject = 115B126926D4637400461AF0 /* Project object */;
}
